
Microsoft Visual Studio Solution File, Format Version 12.00
# Visual Studio 15
VisualStudioVersion = 15.0.27004.2010
MinimumVisualStudioVersion = 10.0.40219.1
Project("{FAE04EC0-301F-11D3-BF4B-00C04F79EFBC}") = "RedisAppWPF", "RedisAppWPF\RedisAppWPF.csproj", "{060EDF5F-8259-4190-931A-E8E2FACF8725}"
EndProject
Global
	GlobalSection(SolutionConfigurationPlatforms) = preSolution
		Debug|Any CPU = Debug|Any CPU
		Release|Any CPU = Release|Any CPU
	EndGlobalSection
	GlobalSection(ProjectConfigurationPlatforms) = postSolution
		{060EDF5F-8259-4190-931A-E8E2FACF8725}.Debug|Any CPU.ActiveCfg = Debug|Any CPU
		{060EDF5F-8259-4190-931A-E8E2FACF8725}.Debug|Any CPU.Build.0 = Debug|Any CPU
		{060EDF5F-8259-4190-931A-E8E2FACF8725}.Release|Any CPU.ActiveCfg = Release|Any CPU
		{060EDF5F-8259-4190-931A-E8E2FACF8725}.Release|Any CPU.Build.0 = Release|Any CPU
	EndGlobalSection
	GlobalSection(SolutionProperties) = preSolution
		HideSolutionNode = FALSE
	EndGlobalSection
	GlobalSection(ExtensibilityGlobals) = postSolution
		SolutionGuid = {4086A501-97C8-4704-9C05-ECE7C36C6183}
	EndGlobalSection
EndGlobal
